
Microsoft Visual Studio Solution File, Format Version 11.00
# Visual Studio 2010
Project("{8BC9CEB8-8B4A-11D0-8D11-00A0C91BC942}") = "future", "future.vcxproj", "{4CBB7478-696C-465C-A7CF-B78E8D603B07}"
EndProject
Global
	GlobalSection(SolutionConfigurationPlatforms) = preSolution
		Debug|Win32 = Debug|Win32
		Release|Win32 = Release|Win32
	EndGlobalSection
	GlobalSection(ProjectConfigurationPlatforms) = postSolution
		{4CBB7478-696C-465C-A7CF-B78E8D603B07}.Debug|Win32.ActiveCfg = Debug|Win32
		{4CBB7478-696C-465C-A7CF-B78E8D603B07}.Debug|Win32.Build.0 = Debug|Win32
		{4CBB7478-696C-465C-A7CF-B78E8D603B07}.Release|Win32.ActiveCfg = Release|Win32
		{4CBB7478-696C-465C-A7CF-B78E8D603B07}.Release|Win32.Build.0 = Release|Win32
	EndGlobalSection
	GlobalSection(SolutionProperties) = preSolution
		HideSolutionNode = FALSE
	EndGlobalSection
EndGlobal
