<?xml version="1.0" encoding="utf-8"?>
<Project ToolsVersion="4.0" xmlns="http://schemas.microsoft.com/developer/msbuild/2003">
  <ItemGroup>
    <Filter Include="源文件">
      <UniqueIdentifier>{4FC737F1-C7A5-4376-A066-2A32D752A2FF}</UniqueIdentifier>
      <Extensions>cpp;c;cc;cxx;def;odl;idl;hpj;bat;asm;asmx</Extensions>
    </Filter>
    <Filter Include="头文件">
      <UniqueIdentifier>{93995380-89BD-4b04-88EB-625FBE52EBFB}</UniqueIdentifier>
      <Extensions>h;hh;hpp;hxx;hm;inl;inc;xsd</Extensions>
    </Filter>
    <Filter Include="资源文件">
      <UniqueIdentifier>{67DA6AB6-F800-4c08-8B7A-83BB121AAD01}</UniqueIdentifier>
      <Extensions>rc;ico;cur;bmp;dlg;rc2;rct;bin;rgs;gif;jpg;jpeg;jpe;resx;tiff;tif;png;wav;mfcribbon-ms</Extensions>
    </Filter>
    <Filter Include="gSoap">
      <UniqueIdentifier>{6595f122-9395-4ed0-b1f9-58cdb7df4147}</UniqueIdentifier>
    </Filter>
    <Filter Include="calcSoap">
      <UniqueIdentifier>{83af2f86-b355-4dde-a9b4-86763048c41c}</UniqueIdentifier>
    </Filter>
  </ItemGroup>
  <ItemGroup>
    <ClCompile Include="..\..\gsoap-2.8.53\gsoap\stdsoap2.cpp">
      <Filter>gSoap</Filter>
    </ClCompile>
    <ClCompile Include="..\calcSoap\soapC.cpp">
      <Filter>calcSoap</Filter>
    </ClCompile>
    <ClCompile Include="..\calcSoap\soapcalcService.cpp">
      <Filter>calcSoap</Filter>
    </ClCompile>
    <ClCompile Include="calcService.cpp">
      <Filter>源文件</Filter>
    </ClCompile>
  </ItemGroup>
  <ItemGroup>
    <ClInclude Include="..\..\gsoap-2.8.53\gsoap\stdsoap2.h">
      <Filter>gSoap</Filter>
    </ClInclude>
    <ClInclude Include="..\calcSoap\soapcalcService.h">
      <Filter>calcSoap</Filter>
    </ClInclude>
    <ClInclude Include="..\calcSoap\soapH.h">
      <Filter>calcSoap</Filter>
    </ClInclude>
    <ClInclude Include="..\calcSoap\soapStub.h">
      <Filter>calcSoap</Filter>
    </ClInclude>
  </ItemGroup>
  <ItemGroup>
    <None Include="..\calcSoap\calc.nsmap">
      <Filter>calcSoap</Filter>
    </None>
  </ItemGroup>
</Project>