<?xml version="1.0" encoding="utf-8"?>
<Project ToolsVersion="4.0" xmlns="http://schemas.microsoft.com/developer/msbuild/2003">
  <ItemGroup>
    <Filter Include="源文件">
      <UniqueIdentifier>{4FC737F1-C7A5-4376-A066-2A32D752A2FF}</UniqueIdentifier>
      <Extensions>cpp;c;cc;cxx;def;odl;idl;hpj;bat;asm;asmx</Extensions>
    </Filter>
    <Filter Include="头文件">
      <UniqueIdentifier>{93995380-89BD-4b04-88EB-625FBE52EBFB}</UniqueIdentifier>
      <Extensions>h;hpp;hxx;hm;inl;inc;xsd</Extensions>
    </Filter>
    <Filter Include="资源文件">
      <UniqueIdentifier>{67DA6AB6-F800-4c08-8B7A-83BB121AAD01}</UniqueIdentifier>
      <Extensions>rc;ico;cur;bmp;dlg;rc2;rct;bin;rgs;gif;jpg;jpeg;jpe;resx;tiff;tif;png;wav;mfcribbon-ms</Extensions>
    </Filter>
    <Filter Include="date">
      <UniqueIdentifier>{34224498-22a1-422a-8f10-6f87ba101755}</UniqueIdentifier>
    </Filter>
  </ItemGroup>
  <ItemGroup>
    <ClCompile Include="main.cpp">
      <Filter>源文件</Filter>
    </ClCompile>
    <ClCompile Include="getargs.cpp">
      <Filter>源文件</Filter>
    </ClCompile>
    <ClCompile Include="arglist.cpp">
      <Filter>源文件</Filter>
    </ClCompile>
    <ClCompile Include="tformat.cpp">
      <Filter>源文件</Filter>
    </ClCompile>
    <ClCompile Include="tmath.cpp">
      <Filter>源文件</Filter>
    </ClCompile>
    <ClCompile Include="date.cpp">
      <Filter>源文件</Filter>
    </ClCompile>
    <ClCompile Include="tdate.cpp">
      <Filter>源文件</Filter>
    </ClCompile>
    <ClCompile Include="tdstuff.cpp">
      <Filter>源文件</Filter>
    </ClCompile>
    <ClCompile Include="date\DateStuff.cpp">
      <Filter>date</Filter>
    </ClCompile>
    <ClCompile Include="date\year.cpp">
      <Filter>date</Filter>
    </ClCompile>
    <ClCompile Include="date\ymonth.cpp">
      <Filter>date</Filter>
    </ClCompile>
  </ItemGroup>
  <ItemGroup>
    <ClInclude Include="date.h">
      <Filter>头文件</Filter>
    </ClInclude>
    <ClInclude Include="date\datefwd.h">
      <Filter>date</Filter>
    </ClInclude>
    <ClInclude Include="date\DateStuff.h">
      <Filter>date</Filter>
    </ClInclude>
    <ClInclude Include="date\year.h">
      <Filter>date</Filter>
    </ClInclude>
    <ClInclude Include="date\ymonth.h">
      <Filter>date</Filter>
    </ClInclude>
  </ItemGroup>
</Project>