
Microsoft Visual Studio Solution File, Format Version 11.00
# Visual Studio 2010
Project("{8BC9CEB8-8B4A-11D0-8D11-00A0C91BC942}") = "LiftOff", "LiftOff\LiftOff.vcxproj", "{9A1E6774-F883-4BB2-8163-AFCA25D73234}"
EndProject
Project("{8BC9CEB8-8B4A-11D0-8D11-00A0C91BC942}") = "ResponsiveUI", "ResponsiveUI\ResponsiveUI.vcxproj", "{2F16BB55-CDC7-42BD-9CF8-FCCA577CFE9E}"
EndProject
Project("{8BC9CEB8-8B4A-11D0-8D11-00A0C91BC942}") = "YieldingTask", "YieldingTask\YieldingTask.vcxproj", "{DA2428BA-1A8E-4C85-B294-BBEB717AD8E0}"
EndProject
Project("{8BC9CEB8-8B4A-11D0-8D11-00A0C91BC942}") = "SleepingTask", "SleepingTask\SleepingTask.vcxproj", "{50B8F8CD-2BB0-45D0-ADE1-D8941699BA93}"
EndProject
Project("{8BC9CEB8-8B4A-11D0-8D11-00A0C91BC942}") = "SimplePriorities", "SimplePriorities\SimplePriorities.vcxproj", "{B6AE8798-919D-48CD-ADFC-B02CDFEF85DC}"
EndProject
Global
	GlobalSection(SolutionConfigurationPlatforms) = preSolution
		Debug|Win32 = Debug|Win32
		Release|Win32 = Release|Win32
	EndGlobalSection
	GlobalSection(ProjectConfigurationPlatforms) = postSolution
		{9A1E6774-F883-4BB2-8163-AFCA25D73234}.Debug|Win32.ActiveCfg = Debug|Win32
		{9A1E6774-F883-4BB2-8163-AFCA25D73234}.Debug|Win32.Build.0 = Debug|Win32
		{9A1E6774-F883-4BB2-8163-AFCA25D73234}.Release|Win32.ActiveCfg = Release|Win32
		{9A1E6774-F883-4BB2-8163-AFCA25D73234}.Release|Win32.Build.0 = Release|Win32
		{2F16BB55-CDC7-42BD-9CF8-FCCA577CFE9E}.Debug|Win32.ActiveCfg = Debug|Win32
		{2F16BB55-CDC7-42BD-9CF8-FCCA577CFE9E}.Debug|Win32.Build.0 = Debug|Win32
		{2F16BB55-CDC7-42BD-9CF8-FCCA577CFE9E}.Release|Win32.ActiveCfg = Release|Win32
		{2F16BB55-CDC7-42BD-9CF8-FCCA577CFE9E}.Release|Win32.Build.0 = Release|Win32
		{DA2428BA-1A8E-4C85-B294-BBEB717AD8E0}.Debug|Win32.ActiveCfg = Debug|Win32
		{DA2428BA-1A8E-4C85-B294-BBEB717AD8E0}.Debug|Win32.Build.0 = Debug|Win32
		{DA2428BA-1A8E-4C85-B294-BBEB717AD8E0}.Release|Win32.ActiveCfg = Release|Win32
		{DA2428BA-1A8E-4C85-B294-BBEB717AD8E0}.Release|Win32.Build.0 = Release|Win32
		{50B8F8CD-2BB0-45D0-ADE1-D8941699BA93}.Debug|Win32.ActiveCfg = Debug|Win32
		{50B8F8CD-2BB0-45D0-ADE1-D8941699BA93}.Debug|Win32.Build.0 = Debug|Win32
		{50B8F8CD-2BB0-45D0-ADE1-D8941699BA93}.Release|Win32.ActiveCfg = Release|Win32
		{50B8F8CD-2BB0-45D0-ADE1-D8941699BA93}.Release|Win32.Build.0 = Release|Win32
		{B6AE8798-919D-48CD-ADFC-B02CDFEF85DC}.Debug|Win32.ActiveCfg = Debug|Win32
		{B6AE8798-919D-48CD-ADFC-B02CDFEF85DC}.Debug|Win32.Build.0 = Debug|Win32
		{B6AE8798-919D-48CD-ADFC-B02CDFEF85DC}.Release|Win32.ActiveCfg = Release|Win32
		{B6AE8798-919D-48CD-ADFC-B02CDFEF85DC}.Release|Win32.Build.0 = Release|Win32
	EndGlobalSection
	GlobalSection(SolutionProperties) = preSolution
		HideSolutionNode = FALSE
	EndGlobalSection
EndGlobal
