
Microsoft Visual Studio Solution File, Format Version 11.00
# Visual Studio 2010
Project("{8BC9CEB8-8B4A-11D0-8D11-00A0C91BC942}") = "LiftOff", "LiftOff\LiftOff.vcxproj", "{9A1E6774-F883-4BB2-8163-AFCA25D73234}"
EndProject
Project("{8BC9CEB8-8B4A-11D0-8D11-00A0C91BC942}") = "ResponsiveUI", "ResponsiveUI\ResponsiveUI.vcxproj", "{2F16BB55-CDC7-42BD-9CF8-FCCA577CFE9E}"
EndProject
Project("{8BC9CEB8-8B4A-11D0-8D11-00A0C91BC942}") = "YieldingTask", "YieldingTask\YieldingTask.vcxproj", "{DA2428BA-1A8E-4C85-B294-BBEB717AD8E0}"
EndProject
Project("{8BC9CEB8-8B4A-11D0-8D11-00A0C91BC942}") = "SleepingTask", "SleepingTask\SleepingTask.vcxproj", "{50B8F8CD-2BB0-45D0-ADE1-D8941699BA93}"
EndProject
Project("{8BC9CEB8-8B4A-11D0-8D11-00A0C91BC942}") = "SimplePriorities", "SimplePriorities\SimplePriorities.vcxproj", "{B6AE8798-919D-48CD-ADFC-B02CDFEF85DC}"
EndProject
Project("{8BC9CEB8-8B4A-11D0-8D11-00A0C91BC942}") = "ReferenceCounting", "ReferenceCounting\ReferenceCounting.vcxproj", "{F85181D3-B58E-46C4-9935-64C045FC487D}"
EndProject
Project("{8BC9CEB8-8B4A-11D0-8D11-00A0C91BC942}") = "EvenChecker", "EvenChecker\EvenChecker.vcxproj", "{161F0957-FEB6-4711-A313-3862C88E8F2D}"
EndProject
Project("{8BC9CEB8-8B4A-11D0-8D11-00A0C91BC942}") = "ThreadLocalVariables", "ThreadLocalVariables\ThreadLocalVariables.vcxproj", "{F9EB3241-000B-43D8-937F-0351B08A8F14}"
EndProject
Project("{8BC9CEB8-8B4A-11D0-8D11-00A0C91BC942}") = "OrnamentalGarden", "OrnamentalGarden\OrnamentalGarden.vcxproj", "{7BC9D1F7-74E0-48ED-AD32-E6B7C73372D3}"
EndProject
Project("{8BC9CEB8-8B4A-11D0-8D11-00A0C91BC942}") = "Interrupting", "Interrupting\Interrupting.vcxproj", "{D61F1E13-187D-4CE8-A635-E455BEE4C89E}"
EndProject
Project("{8BC9CEB8-8B4A-11D0-8D11-00A0C91BC942}") = "WaxOMatic", "WaxOMatic\WaxOMatic.vcxproj", "{C177ADF2-E756-41B1-99F0-71817D50A27B}"
EndProject
Project("{8BC9CEB8-8B4A-11D0-8D11-00A0C91BC942}") = "ToastOMatic", "ToastOMatic\ToastOMatic.vcxproj", "{C1580238-346E-41A3-BBB0-F6F13E865A02}"
EndProject
Global
	GlobalSection(SolutionConfigurationPlatforms) = preSolution
		Debug|Win32 = Debug|Win32
		Release|Win32 = Release|Win32
	EndGlobalSection
	GlobalSection(ProjectConfigurationPlatforms) = postSolution
		{9A1E6774-F883-4BB2-8163-AFCA25D73234}.Debug|Win32.ActiveCfg = Debug|Win32
		{9A1E6774-F883-4BB2-8163-AFCA25D73234}.Debug|Win32.Build.0 = Debug|Win32
		{9A1E6774-F883-4BB2-8163-AFCA25D73234}.Release|Win32.ActiveCfg = Release|Win32
		{9A1E6774-F883-4BB2-8163-AFCA25D73234}.Release|Win32.Build.0 = Release|Win32
		{2F16BB55-CDC7-42BD-9CF8-FCCA577CFE9E}.Debug|Win32.ActiveCfg = Debug|Win32
		{2F16BB55-CDC7-42BD-9CF8-FCCA577CFE9E}.Debug|Win32.Build.0 = Debug|Win32
		{2F16BB55-CDC7-42BD-9CF8-FCCA577CFE9E}.Release|Win32.ActiveCfg = Release|Win32
		{2F16BB55-CDC7-42BD-9CF8-FCCA577CFE9E}.Release|Win32.Build.0 = Release|Win32
		{DA2428BA-1A8E-4C85-B294-BBEB717AD8E0}.Debug|Win32.ActiveCfg = Debug|Win32
		{DA2428BA-1A8E-4C85-B294-BBEB717AD8E0}.Debug|Win32.Build.0 = Debug|Win32
		{DA2428BA-1A8E-4C85-B294-BBEB717AD8E0}.Release|Win32.ActiveCfg = Release|Win32
		{DA2428BA-1A8E-4C85-B294-BBEB717AD8E0}.Release|Win32.Build.0 = Release|Win32
		{50B8F8CD-2BB0-45D0-ADE1-D8941699BA93}.Debug|Win32.ActiveCfg = Debug|Win32
		{50B8F8CD-2BB0-45D0-ADE1-D8941699BA93}.Debug|Win32.Build.0 = Debug|Win32
		{50B8F8CD-2BB0-45D0-ADE1-D8941699BA93}.Release|Win32.ActiveCfg = Release|Win32
		{50B8F8CD-2BB0-45D0-ADE1-D8941699BA93}.Release|Win32.Build.0 = Release|Win32
		{B6AE8798-919D-48CD-ADFC-B02CDFEF85DC}.Debug|Win32.ActiveCfg = Debug|Win32
		{B6AE8798-919D-48CD-ADFC-B02CDFEF85DC}.Debug|Win32.Build.0 = Debug|Win32
		{B6AE8798-919D-48CD-ADFC-B02CDFEF85DC}.Release|Win32.ActiveCfg = Release|Win32
		{B6AE8798-919D-48CD-ADFC-B02CDFEF85DC}.Release|Win32.Build.0 = Release|Win32
		{F85181D3-B58E-46C4-9935-64C045FC487D}.Debug|Win32.ActiveCfg = Debug|Win32
		{F85181D3-B58E-46C4-9935-64C045FC487D}.Debug|Win32.Build.0 = Debug|Win32
		{F85181D3-B58E-46C4-9935-64C045FC487D}.Release|Win32.ActiveCfg = Release|Win32
		{F85181D3-B58E-46C4-9935-64C045FC487D}.Release|Win32.Build.0 = Release|Win32
		{161F0957-FEB6-4711-A313-3862C88E8F2D}.Debug|Win32.ActiveCfg = Debug|Win32
		{161F0957-FEB6-4711-A313-3862C88E8F2D}.Debug|Win32.Build.0 = Debug|Win32
		{161F0957-FEB6-4711-A313-3862C88E8F2D}.Release|Win32.ActiveCfg = Release|Win32
		{161F0957-FEB6-4711-A313-3862C88E8F2D}.Release|Win32.Build.0 = Release|Win32
		{F9EB3241-000B-43D8-937F-0351B08A8F14}.Debug|Win32.ActiveCfg = Debug|Win32
		{F9EB3241-000B-43D8-937F-0351B08A8F14}.Debug|Win32.Build.0 = Debug|Win32
		{F9EB3241-000B-43D8-937F-0351B08A8F14}.Release|Win32.ActiveCfg = Release|Win32
		{F9EB3241-000B-43D8-937F-0351B08A8F14}.Release|Win32.Build.0 = Release|Win32
		{7BC9D1F7-74E0-48ED-AD32-E6B7C73372D3}.Debug|Win32.ActiveCfg = Debug|Win32
		{7BC9D1F7-74E0-48ED-AD32-E6B7C73372D3}.Debug|Win32.Build.0 = Debug|Win32
		{7BC9D1F7-74E0-48ED-AD32-E6B7C73372D3}.Release|Win32.ActiveCfg = Release|Win32
		{7BC9D1F7-74E0-48ED-AD32-E6B7C73372D3}.Release|Win32.Build.0 = Release|Win32
		{D61F1E13-187D-4CE8-A635-E455BEE4C89E}.Debug|Win32.ActiveCfg = Debug|Win32
		{D61F1E13-187D-4CE8-A635-E455BEE4C89E}.Debug|Win32.Build.0 = Debug|Win32
		{D61F1E13-187D-4CE8-A635-E455BEE4C89E}.Release|Win32.ActiveCfg = Release|Win32
		{D61F1E13-187D-4CE8-A635-E455BEE4C89E}.Release|Win32.Build.0 = Release|Win32
		{C177ADF2-E756-41B1-99F0-71817D50A27B}.Debug|Win32.ActiveCfg = Debug|Win32
		{C177ADF2-E756-41B1-99F0-71817D50A27B}.Debug|Win32.Build.0 = Debug|Win32
		{C177ADF2-E756-41B1-99F0-71817D50A27B}.Release|Win32.ActiveCfg = Release|Win32
		{C177ADF2-E756-41B1-99F0-71817D50A27B}.Release|Win32.Build.0 = Release|Win32
		{C1580238-346E-41A3-BBB0-F6F13E865A02}.Debug|Win32.ActiveCfg = Debug|Win32
		{C1580238-346E-41A3-BBB0-F6F13E865A02}.Debug|Win32.Build.0 = Debug|Win32
		{C1580238-346E-41A3-BBB0-F6F13E865A02}.Release|Win32.ActiveCfg = Release|Win32
		{C1580238-346E-41A3-BBB0-F6F13E865A02}.Release|Win32.Build.0 = Release|Win32
	EndGlobalSection
	GlobalSection(SolutionProperties) = preSolution
		HideSolutionNode = FALSE
	EndGlobalSection
EndGlobal
