
Microsoft Visual Studio Solution File, Format Version 11.00
# Visual Studio 2010
Project("{8BC9CEB8-8B4A-11D0-8D11-00A0C91BC942}") = "sample1", "sample1\sample1.vcxproj", "{98F47BF2-7A3F-495F-941D-53E49ABFBDA3}"
EndProject
Project("{8BC9CEB8-8B4A-11D0-8D11-00A0C91BC942}") = "sample2", "sample2\sample2.vcxproj", "{5AA196F4-7197-4220-96A7-477316E19C51}"
EndProject
Project("{8BC9CEB8-8B4A-11D0-8D11-00A0C91BC942}") = "sample3", "sample3\sample3.vcxproj", "{461D987A-1CC1-4E11-88EA-CEF6C3CE6DD6}"
EndProject
Global
	GlobalSection(SolutionConfigurationPlatforms) = preSolution
		Debug|Win32 = Debug|Win32
		Release|Win32 = Release|Win32
	EndGlobalSection
	GlobalSection(ProjectConfigurationPlatforms) = postSolution
		{98F47BF2-7A3F-495F-941D-53E49ABFBDA3}.Debug|Win32.ActiveCfg = Debug|Win32
		{98F47BF2-7A3F-495F-941D-53E49ABFBDA3}.Debug|Win32.Build.0 = Debug|Win32
		{98F47BF2-7A3F-495F-941D-53E49ABFBDA3}.Release|Win32.ActiveCfg = Release|Win32
		{98F47BF2-7A3F-495F-941D-53E49ABFBDA3}.Release|Win32.Build.0 = Release|Win32
		{5AA196F4-7197-4220-96A7-477316E19C51}.Debug|Win32.ActiveCfg = Debug|Win32
		{5AA196F4-7197-4220-96A7-477316E19C51}.Debug|Win32.Build.0 = Debug|Win32
		{5AA196F4-7197-4220-96A7-477316E19C51}.Release|Win32.ActiveCfg = Release|Win32
		{5AA196F4-7197-4220-96A7-477316E19C51}.Release|Win32.Build.0 = Release|Win32
		{461D987A-1CC1-4E11-88EA-CEF6C3CE6DD6}.Debug|Win32.ActiveCfg = Debug|Win32
		{461D987A-1CC1-4E11-88EA-CEF6C3CE6DD6}.Debug|Win32.Build.0 = Debug|Win32
		{461D987A-1CC1-4E11-88EA-CEF6C3CE6DD6}.Release|Win32.ActiveCfg = Release|Win32
		{461D987A-1CC1-4E11-88EA-CEF6C3CE6DD6}.Release|Win32.Build.0 = Release|Win32
	EndGlobalSection
	GlobalSection(SolutionProperties) = preSolution
		HideSolutionNode = FALSE
	EndGlobalSection
EndGlobal
