
Microsoft Visual Studio Solution File, Format Version 11.00
# Visual Studio 2010
Project("{8BC9CEB8-8B4A-11D0-8D11-00A0C91BC942}") = "Singleton", "Singleton\Singleton.vcxproj", "{8960F6BF-201C-4F6E-94AA-48DB4EAF7902}"
EndProject
Project("{8BC9CEB8-8B4A-11D0-8D11-00A0C91BC942}") = "Command", "Command\Command.vcxproj", "{56639EB1-C7B9-446C-9192-7E35073A4AD3}"
EndProject
Project("{8BC9CEB8-8B4A-11D0-8D11-00A0C91BC942}") = "Proxy", "Proxy\Proxy.vcxproj", "{A4F5A05C-FD75-4C06-BC73-1B675E67E6DC}"
EndProject
Project("{8BC9CEB8-8B4A-11D0-8D11-00A0C91BC942}") = "State", "State\State.vcxproj", "{5CF5F0E9-4295-4856-9CCB-79A21ADC1B7B}"
EndProject
Project("{8BC9CEB8-8B4A-11D0-8D11-00A0C91BC942}") = "Adapter", "Adapter\Adapter.vcxproj", "{BE2182AB-6045-4966-A772-F5F82B156E3F}"
EndProject
Project("{8BC9CEB8-8B4A-11D0-8D11-00A0C91BC942}") = "TemplateMethod", "TemplateMethod\TemplateMethod.vcxproj", "{9E45FAD2-3F3E-4F7E-A0B0-8AFAFEDEEF0A}"
EndProject
Project("{8BC9CEB8-8B4A-11D0-8D11-00A0C91BC942}") = "Strategy", "Strategy\Strategy.vcxproj", "{C7C86A69-678E-431C-8397-0D88A2F98653}"
EndProject
Project("{8BC9CEB8-8B4A-11D0-8D11-00A0C91BC942}") = "ChainOfResponsibility", "ChainOfResponsibility\ChainOfResponsibility.vcxproj", "{36630414-2510-43CA-A802-DB9576D46EE2}"
EndProject
Project("{8BC9CEB8-8B4A-11D0-8D11-00A0C91BC942}") = "Factory", "Factory\Factory.vcxproj", "{4F4B018A-2C89-4DEC-AE00-EAFA5B585159}"
EndProject
Project("{8BC9CEB8-8B4A-11D0-8D11-00A0C91BC942}") = "Builder", "Builder\Builder.vcxproj", "{03B04D3D-7778-4803-89D0-36B501207470}"
EndProject
Project("{8BC9CEB8-8B4A-11D0-8D11-00A0C91BC942}") = "Observer", "Observer\Observer.vcxproj", "{F1183992-774F-45A0-A8CF-5FEB88B01786}"
EndProject
Project("{8BC9CEB8-8B4A-11D0-8D11-00A0C91BC942}") = "Visitior", "Visitior\Visitior.vcxproj", "{F2B7F518-7043-4DA5-B5B2-DD1E3FC522A7}"
EndProject
Global
	GlobalSection(SolutionConfigurationPlatforms) = preSolution
		Debug|Win32 = Debug|Win32
		Release|Win32 = Release|Win32
	EndGlobalSection
	GlobalSection(ProjectConfigurationPlatforms) = postSolution
		{8960F6BF-201C-4F6E-94AA-48DB4EAF7902}.Debug|Win32.ActiveCfg = Debug|Win32
		{8960F6BF-201C-4F6E-94AA-48DB4EAF7902}.Debug|Win32.Build.0 = Debug|Win32
		{8960F6BF-201C-4F6E-94AA-48DB4EAF7902}.Release|Win32.ActiveCfg = Release|Win32
		{8960F6BF-201C-4F6E-94AA-48DB4EAF7902}.Release|Win32.Build.0 = Release|Win32
		{56639EB1-C7B9-446C-9192-7E35073A4AD3}.Debug|Win32.ActiveCfg = Debug|Win32
		{56639EB1-C7B9-446C-9192-7E35073A4AD3}.Debug|Win32.Build.0 = Debug|Win32
		{56639EB1-C7B9-446C-9192-7E35073A4AD3}.Release|Win32.ActiveCfg = Release|Win32
		{56639EB1-C7B9-446C-9192-7E35073A4AD3}.Release|Win32.Build.0 = Release|Win32
		{A4F5A05C-FD75-4C06-BC73-1B675E67E6DC}.Debug|Win32.ActiveCfg = Debug|Win32
		{A4F5A05C-FD75-4C06-BC73-1B675E67E6DC}.Debug|Win32.Build.0 = Debug|Win32
		{A4F5A05C-FD75-4C06-BC73-1B675E67E6DC}.Release|Win32.ActiveCfg = Release|Win32
		{A4F5A05C-FD75-4C06-BC73-1B675E67E6DC}.Release|Win32.Build.0 = Release|Win32
		{5CF5F0E9-4295-4856-9CCB-79A21ADC1B7B}.Debug|Win32.ActiveCfg = Debug|Win32
		{5CF5F0E9-4295-4856-9CCB-79A21ADC1B7B}.Debug|Win32.Build.0 = Debug|Win32
		{5CF5F0E9-4295-4856-9CCB-79A21ADC1B7B}.Release|Win32.ActiveCfg = Release|Win32
		{5CF5F0E9-4295-4856-9CCB-79A21ADC1B7B}.Release|Win32.Build.0 = Release|Win32
		{BE2182AB-6045-4966-A772-F5F82B156E3F}.Debug|Win32.ActiveCfg = Debug|Win32
		{BE2182AB-6045-4966-A772-F5F82B156E3F}.Debug|Win32.Build.0 = Debug|Win32
		{BE2182AB-6045-4966-A772-F5F82B156E3F}.Release|Win32.ActiveCfg = Release|Win32
		{BE2182AB-6045-4966-A772-F5F82B156E3F}.Release|Win32.Build.0 = Release|Win32
		{9E45FAD2-3F3E-4F7E-A0B0-8AFAFEDEEF0A}.Debug|Win32.ActiveCfg = Debug|Win32
		{9E45FAD2-3F3E-4F7E-A0B0-8AFAFEDEEF0A}.Debug|Win32.Build.0 = Debug|Win32
		{9E45FAD2-3F3E-4F7E-A0B0-8AFAFEDEEF0A}.Release|Win32.ActiveCfg = Release|Win32
		{9E45FAD2-3F3E-4F7E-A0B0-8AFAFEDEEF0A}.Release|Win32.Build.0 = Release|Win32
		{C7C86A69-678E-431C-8397-0D88A2F98653}.Debug|Win32.ActiveCfg = Debug|Win32
		{C7C86A69-678E-431C-8397-0D88A2F98653}.Debug|Win32.Build.0 = Debug|Win32
		{C7C86A69-678E-431C-8397-0D88A2F98653}.Release|Win32.ActiveCfg = Release|Win32
		{C7C86A69-678E-431C-8397-0D88A2F98653}.Release|Win32.Build.0 = Release|Win32
		{36630414-2510-43CA-A802-DB9576D46EE2}.Debug|Win32.ActiveCfg = Debug|Win32
		{36630414-2510-43CA-A802-DB9576D46EE2}.Debug|Win32.Build.0 = Debug|Win32
		{36630414-2510-43CA-A802-DB9576D46EE2}.Release|Win32.ActiveCfg = Release|Win32
		{36630414-2510-43CA-A802-DB9576D46EE2}.Release|Win32.Build.0 = Release|Win32
		{4F4B018A-2C89-4DEC-AE00-EAFA5B585159}.Debug|Win32.ActiveCfg = Debug|Win32
		{4F4B018A-2C89-4DEC-AE00-EAFA5B585159}.Debug|Win32.Build.0 = Debug|Win32
		{4F4B018A-2C89-4DEC-AE00-EAFA5B585159}.Release|Win32.ActiveCfg = Release|Win32
		{4F4B018A-2C89-4DEC-AE00-EAFA5B585159}.Release|Win32.Build.0 = Release|Win32
		{03B04D3D-7778-4803-89D0-36B501207470}.Debug|Win32.ActiveCfg = Debug|Win32
		{03B04D3D-7778-4803-89D0-36B501207470}.Debug|Win32.Build.0 = Debug|Win32
		{03B04D3D-7778-4803-89D0-36B501207470}.Release|Win32.ActiveCfg = Release|Win32
		{03B04D3D-7778-4803-89D0-36B501207470}.Release|Win32.Build.0 = Release|Win32
		{F1183992-774F-45A0-A8CF-5FEB88B01786}.Debug|Win32.ActiveCfg = Debug|Win32
		{F1183992-774F-45A0-A8CF-5FEB88B01786}.Debug|Win32.Build.0 = Debug|Win32
		{F1183992-774F-45A0-A8CF-5FEB88B01786}.Release|Win32.ActiveCfg = Release|Win32
		{F1183992-774F-45A0-A8CF-5FEB88B01786}.Release|Win32.Build.0 = Release|Win32
		{F2B7F518-7043-4DA5-B5B2-DD1E3FC522A7}.Debug|Win32.ActiveCfg = Debug|Win32
		{F2B7F518-7043-4DA5-B5B2-DD1E3FC522A7}.Debug|Win32.Build.0 = Debug|Win32
		{F2B7F518-7043-4DA5-B5B2-DD1E3FC522A7}.Release|Win32.ActiveCfg = Release|Win32
		{F2B7F518-7043-4DA5-B5B2-DD1E3FC522A7}.Release|Win32.Build.0 = Release|Win32
	EndGlobalSection
	GlobalSection(SolutionProperties) = preSolution
		HideSolutionNode = FALSE
	EndGlobalSection
EndGlobal
