
Microsoft Visual Studio Solution File, Format Version 11.00
# Visual Studio 2010
Project("{8BC9CEB8-8B4A-11D0-8D11-00A0C91BC942}") = "EffecitivityTest", "EffecitivityTest\EffecitivityTest.vcxproj", "{B747BC2F-48BE-4F5E-AC2E-78EB97FCF2D7}"
EndProject
Global
	GlobalSection(SolutionConfigurationPlatforms) = preSolution
		Debug|Win32 = Debug|Win32
		Release|Win32 = Release|Win32
	EndGlobalSection
	GlobalSection(ProjectConfigurationPlatforms) = postSolution
		{B747BC2F-48BE-4F5E-AC2E-78EB97FCF2D7}.Debug|Win32.ActiveCfg = Debug|Win32
		{B747BC2F-48BE-4F5E-AC2E-78EB97FCF2D7}.Debug|Win32.Build.0 = Debug|Win32
		{B747BC2F-48BE-4F5E-AC2E-78EB97FCF2D7}.Release|Win32.ActiveCfg = Release|Win32
		{B747BC2F-48BE-4F5E-AC2E-78EB97FCF2D7}.Release|Win32.Build.0 = Release|Win32
	EndGlobalSection
	GlobalSection(SolutionProperties) = preSolution
		HideSolutionNode = FALSE
	EndGlobalSection
EndGlobal
